
Microsoft Visual Studio Solution File, Format Version 12.00
# Visual Studio Version 16
VisualStudioVersion = 25.0.1703.0
MinimumVisualStudioVersion = 10.0.40219.1
Project("{FAE04EC0-301F-11D3-BF4B-00C04F79EFBC}") = "ConsoleUI", "CSharpAccessModifiers\ConsoleUI.csproj", "{19B5420E-A82A-45E5-8221-C00381E6419C}"
EndProject
Project("{FAE04EC0-301F-11D3-BF4B-00C04F79EFBC}") = "DemoLibrary", "DemoLibrary\DemoLibrary.csproj", "{233393E1-DF25-4FEA-9318-36E48010D7DA}"
EndProject
Global
	GlobalSection(SolutionConfigurationPlatforms) = preSolution
		Debug|Any CPU = Debug|Any CPU
		Release|Any CPU = Release|Any CPU
	EndGlobalSection
	GlobalSection(ProjectConfigurationPlatforms) = postSolution
		{19B5420E-A82A-45E5-8221-C00381E6419C}.Debug|Any CPU.ActiveCfg = Debug|Any CPU
		{19B5420E-A82A-45E5-8221-C00381E6419C}.Debug|Any CPU.Build.0 = Debug|Any CPU
		{19B5420E-A82A-45E5-8221-C00381E6419C}.Release|Any CPU.ActiveCfg = Release|Any CPU
		{19B5420E-A82A-45E5-8221-C00381E6419C}.Release|Any CPU.Build.0 = Release|Any CPU
		{233393E1-DF25-4FEA-9318-36E48010D7DA}.Debug|Any CPU.ActiveCfg = Debug|Any CPU
		{233393E1-DF25-4FEA-9318-36E48010D7DA}.Debug|Any CPU.Build.0 = Debug|Any CPU
		{233393E1-DF25-4FEA-9318-36E48010D7DA}.Release|Any CPU.ActiveCfg = Release|Any CPU
		{233393E1-DF25-4FEA-9318-36E48010D7DA}.Release|Any CPU.Build.0 = Release|Any CPU
	EndGlobalSection
	GlobalSection(SolutionProperties) = preSolution
		HideSolutionNode = FALSE
	EndGlobalSection
	GlobalSection(ExtensibilityGlobals) = postSolution
		SolutionGuid = {D29DDDB3-787E-4DBA-8A24-14A0AF4E7F0B}
	EndGlobalSection
EndGlobal
